
Microsoft Visual Studio Solution File, Format Version 12.00
# Visual Studio Version 17
VisualStudioVersion = 17.11.35208.52
MinimumVisualStudioVersion = 10.0.40219.1
Project("{FAE04EC0-301F-11D3-BF4B-00C04F79EFBC}") = "Kapanis", "Kapanis\Kapanis.csproj", "{BB6899E9-179B-40D4-A8FC-0250E554B9EB}"
EndProject
Global
	GlobalSection(SolutionConfigurationPlatforms) = preSolution
		Debug|Any CPU = Debug|Any CPU
		Release|Any CPU = Release|Any CPU
	EndGlobalSection
	GlobalSection(ProjectConfigurationPlatforms) = postSolution
		{BB6899E9-179B-40D4-A8FC-0250E554B9EB}.Debug|Any CPU.ActiveCfg = Debug|Any CPU
		{BB6899E9-179B-40D4-A8FC-0250E554B9EB}.Debug|Any CPU.Build.0 = Debug|Any CPU
		{BB6899E9-179B-40D4-A8FC-0250E554B9EB}.Release|Any CPU.ActiveCfg = Release|Any CPU
		{BB6899E9-179B-40D4-A8FC-0250E554B9EB}.Release|Any CPU.Build.0 = Release|Any CPU
	EndGlobalSection
	GlobalSection(SolutionProperties) = preSolution
		HideSolutionNode = FALSE
	EndGlobalSection
	GlobalSection(ExtensibilityGlobals) = postSolution
		SolutionGuid = {A9835E28-6A50-4022-8F10-C3A37295B0C2}
	EndGlobalSection
EndGlobal
